
Microsoft Visual Studio Solution File, Format Version 12.00
# Visual Studio 14
VisualStudioVersion = 14.0.25420.1
MinimumVisualStudioVersion = 10.0.40219.1
Project("{FAE04EC0-301F-11D3-BF4B-00C04F79EFBC}") = "SQLiteManager", "SQLiteManager\SQLiteManager\SQLiteManager.csproj", "{CED273CF-A703-48F3-8BA7-A0902799D890}"
EndProject
Project("{FAE04EC0-301F-11D3-BF4B-00C04F79EFBC}") = "SQLiteManager.Droid", "SQLiteManager\SQLiteManager.Droid\SQLiteManager.Droid.csproj", "{EDA7DFDF-D10C-447C-A57C-C8848363AA6A}"
EndProject
Project("{FAE04EC0-301F-11D3-BF4B-00C04F79EFBC}") = "SQLiteManager.iOS", "SQLiteManager\SQLiteManager.iOS\SQLiteManager.iOS.csproj", "{2DF8702C-6093-48E6-98FE-83E4DB932D7F}"
EndProject
Project("{FAE04EC0-301F-11D3-BF4B-00C04F79EFBC}") = "SQLiteManager.WinPhone", "SQLiteManager\SQLiteManager.WinPhone\SQLiteManager.WinPhone.csproj", "{89C29F03-CAF5-410E-9A08-3CFD56732170}"
EndProject
Project("{FAE04EC0-301F-11D3-BF4B-00C04F79EFBC}") = "SQLiteManager.Windows", "SQLiteManager\SQLiteManager.Windows\SQLiteManager.Windows.csproj", "{D6404AA9-8FDE-43B9-AAB9-25B58522B479}"
EndProject
Project("{2150E333-8FDC-42A3-9474-1A3956D46DE8}") = "Sample", "Sample", "{2483B461-1754-4B3E-B8FE-4E4CF0E51291}"
EndProject
Project("{2150E333-8FDC-42A3-9474-1A3956D46DE8}") = "Framework", "Framework", "{022E7E3E-5DD4-4168-AE96-816A263858A4}"
EndProject
Project("{FAE04EC0-301F-11D3-BF4B-00C04F79EFBC}") = "Sample", "Sample\Sample\Sample\Sample.csproj", "{DD2CDFD7-FE45-4EC6-9CD8-DDD138E1C552}"
EndProject
Project("{FAE04EC0-301F-11D3-BF4B-00C04F79EFBC}") = "Sample.Droid", "Sample\Sample\Sample.Droid\Sample.Droid.csproj", "{3C68FFBF-9B16-4BDD-9441-04FB1B2E02F2}"
EndProject
Project("{FAE04EC0-301F-11D3-BF4B-00C04F79EFBC}") = "Sample.iOS", "Sample\Sample\Sample.iOS\Sample.iOS.csproj", "{E0A34170-A563-40F6-A024-FA85C7F4FB1B}"
EndProject
Project("{FAE04EC0-301F-11D3-BF4B-00C04F79EFBC}") = "Sample.WinPhone", "Sample\Sample\Sample.WinPhone\Sample.WinPhone.csproj", "{1A2ED84E-BCC2-425A-A2AC-6FBC1713DA2E}"
EndProject
Project("{FAE04EC0-301F-11D3-BF4B-00C04F79EFBC}") = "Sample.Windows", "Sample\Sample\Sample.Windows\Sample.Windows.csproj", "{3416B0AE-2661-4BF8-A936-E1405316CCEB}"
EndProject
Global
	GlobalSection(SolutionConfigurationPlatforms) = preSolution
		Ad-Hoc|Any CPU = Ad-Hoc|Any CPU
		Ad-Hoc|ARM = Ad-Hoc|ARM
		Ad-Hoc|iPhone = Ad-Hoc|iPhone
		Ad-Hoc|iPhoneSimulator = Ad-Hoc|iPhoneSimulator
		Ad-Hoc|x64 = Ad-Hoc|x64
		Ad-Hoc|x86 = Ad-Hoc|x86
		AppStore|Any CPU = AppStore|Any CPU
		AppStore|ARM = AppStore|ARM
		AppStore|iPhone = AppStore|iPhone
		AppStore|iPhoneSimulator = AppStore|iPhoneSimulator
		AppStore|x64 = AppStore|x64
		AppStore|x86 = AppStore|x86
		Debug|Any CPU = Debug|Any CPU
		Debug|ARM = Debug|ARM
		Debug|iPhone = Debug|iPhone
		Debug|iPhoneSimulator = Debug|iPhoneSimulator
		Debug|x64 = Debug|x64
		Debug|x86 = Debug|x86
		Release|Any CPU = Release|Any CPU
		Release|ARM = Release|ARM
		Release|iPhone = Release|iPhone
		Release|iPhoneSimulator = Release|iPhoneSimulator
		Release|x64 = Release|x64
		Release|x86 = Release|x86
	EndGlobalSection
	GlobalSection(ProjectConfigurationPlatforms) = postSolution
		{CED273CF-A703-48F3-8BA7-A0902799D890}.Ad-Hoc|Any CPU.ActiveCfg = Release|Any CPU
		{CED273CF-A703-48F3-8BA7-A0902799D890}.Ad-Hoc|Any CPU.Build.0 = Release|Any CPU
		{CED273CF-A703-48F3-8BA7-A0902799D890}.Ad-Hoc|ARM.ActiveCfg = Release|Any CPU
		{CED273CF-A703-48F3-8BA7-A0902799D890}.Ad-Hoc|ARM.Build.0 = Release|Any CPU
		{CED273CF-A703-48F3-8BA7-A0902799D890}.Ad-Hoc|iPhone.ActiveCfg = Release|Any CPU
		{CED273CF-A703-48F3-8BA7-A0902799D890}.Ad-Hoc|iPhone.Build.0 = Release|Any CPU
		{CED273CF-A703-48F3-8BA7-A0902799D890}.Ad-Hoc|iPhoneSimulator.ActiveCfg = Release|Any CPU
		{CED273CF-A703-48F3-8BA7-A0902799D890}.Ad-Hoc|iPhoneSimulator.Build.0 = Release|Any CPU
		{CED273CF-A703-48F3-8BA7-A0902799D890}.Ad-Hoc|x64.ActiveCfg = Release|Any CPU
		{CED273CF-A703-48F3-8BA7-A0902799D890}.Ad-Hoc|x64.Build.0 = Release|Any CPU
		{CED273CF-A703-48F3-8BA7-A0902799D890}.Ad-Hoc|x86.ActiveCfg = Release|Any CPU
		{CED273CF-A703-48F3-8BA7-A0902799D890}.Ad-Hoc|x86.Build.0 = Release|Any CPU
		{CED273CF-A703-48F3-8BA7-A0902799D890}.AppStore|Any CPU.ActiveCfg = Release|Any CPU
		{CED273CF-A703-48F3-8BA7-A0902799D890}.AppStore|Any CPU.Build.0 = Release|Any CPU
		{CED273CF-A703-48F3-8BA7-A0902799D890}.AppStore|ARM.ActiveCfg = Release|Any CPU
		{CED273CF-A703-48F3-8BA7-A0902799D890}.AppStore|ARM.Build.0 = Release|Any CPU
		{CED273CF-A703-48F3-8BA7-A0902799D890}.AppStore|iPhone.ActiveCfg = Release|Any CPU
		{CED273CF-A703-48F3-8BA7-A0902799D890}.AppStore|iPhone.Build.0 = Release|Any CPU
		{CED273CF-A703-48F3-8BA7-A0902799D890}.AppStore|iPhoneSimulator.ActiveCfg = Release|Any CPU
		{CED273CF-A703-48F3-8BA7-A0902799D890}.AppStore|iPhoneSimulator.Build.0 = Release|Any CPU
		{CED273CF-A703-48F3-8BA7-A0902799D890}.AppStore|x64.ActiveCfg = Release|Any CPU
		{CED273CF-A703-48F3-8BA7-A0902799D890}.AppStore|x64.Build.0 = Release|Any CPU
		{CED273CF-A703-48F3-8BA7-A0902799D890}.AppStore|x86.ActiveCfg = Release|Any CPU
		{CED273CF-A703-48F3-8BA7-A0902799D890}.AppStore|x86.Build.0 = Release|Any CPU
		{CED273CF-A703-48F3-8BA7-A0902799D890}.Debug|Any CPU.ActiveCfg = Debug|Any CPU
		{CED273CF-A703-48F3-8BA7-A0902799D890}.Debug|Any CPU.Build.0 = Debug|Any CPU
		{CED273CF-A703-48F3-8BA7-A0902799D890}.Debug|ARM.ActiveCfg = Debug|Any CPU
		{CED273CF-A703-48F3-8BA7-A0902799D890}.Debug|ARM.Build.0 = Debug|Any CPU
		{CED273CF-A703-48F3-8BA7-A0902799D890}.Debug|iPhone.ActiveCfg = Debug|Any CPU
		{CED273CF-A703-48F3-8BA7-A0902799D890}.Debug|iPhone.Build.0 = Debug|Any CPU
		{CED273CF-A703-48F3-8BA7-A0902799D890}.Debug|iPhoneSimulator.ActiveCfg = Debug|Any CPU
		{CED273CF-A703-48F3-8BA7-A0902799D890}.Debug|iPhoneSimulator.Build.0 = Debug|Any CPU
		{CED273CF-A703-48F3-8BA7-A0902799D890}.Debug|x64.ActiveCfg = Debug|Any CPU
		{CED273CF-A703-48F3-8BA7-A0902799D890}.Debug|x64.Build.0 = Debug|Any CPU
		{CED273CF-A703-48F3-8BA7-A0902799D890}.Debug|x86.ActiveCfg = Debug|Any CPU
		{CED273CF-A703-48F3-8BA7-A0902799D890}.Debug|x86.Build.0 = Debug|Any CPU
		{CED273CF-A703-48F3-8BA7-A0902799D890}.Release|Any CPU.ActiveCfg = Release|Any CPU
		{CED273CF-A703-48F3-8BA7-A0902799D890}.Release|Any CPU.Build.0 = Release|Any CPU
		{CED273CF-A703-48F3-8BA7-A0902799D890}.Release|ARM.ActiveCfg = Release|Any CPU
		{CED273CF-A703-48F3-8BA7-A0902799D890}.Release|ARM.Build.0 = Release|Any CPU
		{CED273CF-A703-48F3-8BA7-A0902799D890}.Release|iPhone.ActiveCfg = Release|Any CPU
		{CED273CF-A703-48F3-8BA7-A0902799D890}.Release|iPhone.Build.0 = Release|Any CPU
		{CED273CF-A703-48F3-8BA7-A0902799D890}.Release|iPhoneSimulator.ActiveCfg = Release|Any CPU
		{CED273CF-A703-48F3-8BA7-A0902799D890}.Release|iPhoneSimulator.Build.0 = Release|Any CPU
		{CED273CF-A703-48F3-8BA7-A0902799D890}.Release|x64.ActiveCfg = Release|Any CPU
		{CED273CF-A703-48F3-8BA7-A0902799D890}.Release|x64.Build.0 = Release|Any CPU
		{CED273CF-A703-48F3-8BA7-A0902799D890}.Release|x86.ActiveCfg = Release|Any CPU
		{CED273CF-A703-48F3-8BA7-A0902799D890}.Release|x86.Build.0 = Release|Any CPU
		{EDA7DFDF-D10C-447C-A57C-C8848363AA6A}.Ad-Hoc|Any CPU.ActiveCfg = Release|Any CPU
		{EDA7DFDF-D10C-447C-A57C-C8848363AA6A}.Ad-Hoc|Any CPU.Build.0 = Release|Any CPU
		{EDA7DFDF-D10C-447C-A57C-C8848363AA6A}.Ad-Hoc|Any CPU.Deploy.0 = Release|Any CPU
		{EDA7DFDF-D10C-447C-A57C-C8848363AA6A}.Ad-Hoc|ARM.ActiveCfg = Release|Any CPU
		{EDA7DFDF-D10C-447C-A57C-C8848363AA6A}.Ad-Hoc|ARM.Build.0 = Release|Any CPU
		{EDA7DFDF-D10C-447C-A57C-C8848363AA6A}.Ad-Hoc|ARM.Deploy.0 = Release|Any CPU
		{EDA7DFDF-D10C-447C-A57C-C8848363AA6A}.Ad-Hoc|iPhone.ActiveCfg = Release|Any CPU
		{EDA7DFDF-D10C-447C-A57C-C8848363AA6A}.Ad-Hoc|iPhone.Build.0 = Release|Any CPU
		{EDA7DFDF-D10C-447C-A57C-C8848363AA6A}.Ad-Hoc|iPhone.Deploy.0 = Release|Any CPU
		{EDA7DFDF-D10C-447C-A57C-C8848363AA6A}.Ad-Hoc|iPhoneSimulator.ActiveCfg = Release|Any CPU
		{EDA7DFDF-D10C-447C-A57C-C8848363AA6A}.Ad-Hoc|iPhoneSimulator.Build.0 = Release|Any CPU
		{EDA7DFDF-D10C-447C-A57C-C8848363AA6A}.Ad-Hoc|iPhoneSimulator.Deploy.0 = Release|Any CPU
		{EDA7DFDF-D10C-447C-A57C-C8848363AA6A}.Ad-Hoc|x64.ActiveCfg = Release|Any CPU
		{EDA7DFDF-D10C-447C-A57C-C8848363AA6A}.Ad-Hoc|x64.Build.0 = Release|Any CPU
		{EDA7DFDF-D10C-447C-A57C-C8848363AA6A}.Ad-Hoc|x64.Deploy.0 = Release|Any CPU
		{EDA7DFDF-D10C-447C-A57C-C8848363AA6A}.Ad-Hoc|x86.ActiveCfg = Release|Any CPU
		{EDA7DFDF-D10C-447C-A57C-C8848363AA6A}.Ad-Hoc|x86.Build.0 = Release|Any CPU
		{EDA7DFDF-D10C-447C-A57C-C8848363AA6A}.Ad-Hoc|x86.Deploy.0 = Release|Any CPU
		{EDA7DFDF-D10C-447C-A57C-C8848363AA6A}.AppStore|Any CPU.ActiveCfg = Release|Any CPU
		{EDA7DFDF-D10C-447C-A57C-C8848363AA6A}.AppStore|Any CPU.Build.0 = Release|Any CPU
		{EDA7DFDF-D10C-447C-A57C-C8848363AA6A}.AppStore|Any CPU.Deploy.0 = Release|Any CPU
		{EDA7DFDF-D10C-447C-A57C-C8848363AA6A}.AppStore|ARM.ActiveCfg = Release|Any CPU
		{EDA7DFDF-D10C-447C-A57C-C8848363AA6A}.AppStore|ARM.Build.0 = Release|Any CPU
		{EDA7DFDF-D10C-447C-A57C-C8848363AA6A}.AppStore|ARM.Deploy.0 = Release|Any CPU
		{EDA7DFDF-D10C-447C-A57C-C8848363AA6A}.AppStore|iPhone.ActiveCfg = Release|Any CPU
		{EDA7DFDF-D10C-447C-A57C-C8848363AA6A}.AppStore|iPhone.Build.0 = Release|Any CPU
		{EDA7DFDF-D10C-447C-A57C-C8848363AA6A}.AppStore|iPhone.Deploy.0 = Release|Any CPU
		{EDA7DFDF-D10C-447C-A57C-C8848363AA6A}.AppStore|iPhoneSimulator.ActiveCfg = Release|Any CPU
		{EDA7DFDF-D10C-447C-A57C-C8848363AA6A}.AppStore|iPhoneSimulator.Build.0 = Release|Any CPU
		{EDA7DFDF-D10C-447C-A57C-C8848363AA6A}.AppStore|iPhoneSimulator.Deploy.0 = Release|Any CPU
		{EDA7DFDF-D10C-447C-A57C-C8848363AA6A}.AppStore|x64.ActiveCfg = Release|Any CPU
		{EDA7DFDF-D10C-447C-A57C-C8848363AA6A}.AppStore|x64.Build.0 = Release|Any CPU
		{EDA7DFDF-D10C-447C-A57C-C8848363AA6A}.AppStore|x64.Deploy.0 = Release|Any CPU
		{EDA7DFDF-D10C-447C-A57C-C8848363AA6A}.AppStore|x86.ActiveCfg = Release|Any CPU
		{EDA7DFDF-D10C-447C-A57C-C8848363AA6A}.AppStore|x86.Build.0 = Release|Any CPU
		{EDA7DFDF-D10C-447C-A57C-C8848363AA6A}.AppStore|x86.Deploy.0 = Release|Any CPU
		{EDA7DFDF-D10C-447C-A57C-C8848363AA6A}.Debug|Any CPU.ActiveCfg = Debug|Any CPU
		{EDA7DFDF-D10C-447C-A57C-C8848363AA6A}.Debug|Any CPU.Build.0 = Debug|Any CPU
		{EDA7DFDF-D10C-447C-A57C-C8848363AA6A}.Debug|Any CPU.Deploy.0 = Debug|Any CPU
		{EDA7DFDF-D10C-447C-A57C-C8848363AA6A}.Debug|ARM.ActiveCfg = Debug|Any CPU
		{EDA7DFDF-D10C-447C-A57C-C8848363AA6A}.Debug|ARM.Build.0 = Debug|Any CPU
		{EDA7DFDF-D10C-447C-A57C-C8848363AA6A}.Debug|ARM.Deploy.0 = Debug|Any CPU
		{EDA7DFDF-D10C-447C-A57C-C8848363AA6A}.Debug|iPhone.ActiveCfg = Debug|Any CPU
		{EDA7DFDF-D10C-447C-A57C-C8848363AA6A}.Debug|iPhone.Build.0 = Debug|Any CPU
		{EDA7DFDF-D10C-447C-A57C-C8848363AA6A}.Debug|iPhone.Deploy.0 = Debug|Any CPU
		{EDA7DFDF-D10C-447C-A57C-C8848363AA6A}.Debug|iPhoneSimulator.ActiveCfg = Debug|Any CPU
		{EDA7DFDF-D10C-447C-A57C-C8848363AA6A}.Debug|iPhoneSimulator.Build.0 = Debug|Any CPU
		{EDA7DFDF-D10C-447C-A57C-C8848363AA6A}.Debug|iPhoneSimulator.Deploy.0 = Debug|Any CPU
		{EDA7DFDF-D10C-447C-A57C-C8848363AA6A}.Debug|x64.ActiveCfg = Debug|Any CPU
		{EDA7DFDF-D10C-447C-A57C-C8848363AA6A}.Debug|x64.Build.0 = Debug|Any CPU
		{EDA7DFDF-D10C-447C-A57C-C8848363AA6A}.Debug|x64.Deploy.0 = Debug|Any CPU
		{EDA7DFDF-D10C-447C-A57C-C8848363AA6A}.Debug|x86.ActiveCfg = Debug|Any CPU
		{EDA7DFDF-D10C-447C-A57C-C8848363AA6A}.Debug|x86.Build.0 = Debug|Any CPU
		{EDA7DFDF-D10C-447C-A57C-C8848363AA6A}.Debug|x86.Deploy.0 = Debug|Any CPU
		{EDA7DFDF-D10C-447C-A57C-C8848363AA6A}.Release|Any CPU.ActiveCfg = Release|Any CPU
		{EDA7DFDF-D10C-447C-A57C-C8848363AA6A}.Release|Any CPU.Build.0 = Release|Any CPU
		{EDA7DFDF-D10C-447C-A57C-C8848363AA6A}.Release|Any CPU.Deploy.0 = Release|Any CPU
		{EDA7DFDF-D10C-447C-A57C-C8848363AA6A}.Release|ARM.ActiveCfg = Release|Any CPU
		{EDA7DFDF-D10C-447C-A57C-C8848363AA6A}.Release|ARM.Build.0 = Release|Any CPU
		{EDA7DFDF-D10C-447C-A57C-C8848363AA6A}.Release|ARM.Deploy.0 = Release|Any CPU
		{EDA7DFDF-D10C-447C-A57C-C8848363AA6A}.Release|iPhone.ActiveCfg = Release|Any CPU
		{EDA7DFDF-D10C-447C-A57C-C8848363AA6A}.Release|iPhone.Build.0 = Release|Any CPU
		{EDA7DFDF-D10C-447C-A57C-C8848363AA6A}.Release|iPhone.Deploy.0 = Release|Any CPU
		{EDA7DFDF-D10C-447C-A57C-C8848363AA6A}.Release|iPhoneSimulator.ActiveCfg = Release|Any CPU
		{EDA7DFDF-D10C-447C-A57C-C8848363AA6A}.Release|iPhoneSimulator.Build.0 = Release|Any CPU
		{EDA7DFDF-D10C-447C-A57C-C8848363AA6A}.Release|iPhoneSimulator.Deploy.0 = Release|Any CPU
		{EDA7DFDF-D10C-447C-A57C-C8848363AA6A}.Release|x64.ActiveCfg = Release|Any CPU
		{EDA7DFDF-D10C-447C-A57C-C8848363AA6A}.Release|x64.Build.0 = Release|Any CPU
		{EDA7DFDF-D10C-447C-A57C-C8848363AA6A}.Release|x64.Deploy.0 = Release|Any CPU
		{EDA7DFDF-D10C-447C-A57C-C8848363AA6A}.Release|x86.ActiveCfg = Release|Any CPU
		{EDA7DFDF-D10C-447C-A57C-C8848363AA6A}.Release|x86.Build.0 = Release|Any CPU
		{EDA7DFDF-D10C-447C-A57C-C8848363AA6A}.Release|x86.Deploy.0 = Release|Any CPU
		{2DF8702C-6093-48E6-98FE-83E4DB932D7F}.Ad-Hoc|Any CPU.ActiveCfg = Ad-Hoc|iPhone
		{2DF8702C-6093-48E6-98FE-83E4DB932D7F}.Ad-Hoc|ARM.ActiveCfg = Ad-Hoc|iPhone
		{2DF8702C-6093-48E6-98FE-83E4DB932D7F}.Ad-Hoc|iPhone.ActiveCfg = Ad-Hoc|iPhone
		{2DF8702C-6093-48E6-98FE-83E4DB932D7F}.Ad-Hoc|iPhone.Build.0 = Ad-Hoc|iPhone
		{2DF8702C-6093-48E6-98FE-83E4DB932D7F}.Ad-Hoc|iPhoneSimulator.ActiveCfg = Ad-Hoc|iPhoneSimulator
		{2DF8702C-6093-48E6-98FE-83E4DB932D7F}.Ad-Hoc|iPhoneSimulator.Build.0 = Ad-Hoc|iPhoneSimulator
		{2DF8702C-6093-48E6-98FE-83E4DB932D7F}.Ad-Hoc|x64.ActiveCfg = Ad-Hoc|iPhone
		{2DF8702C-6093-48E6-98FE-83E4DB932D7F}.Ad-Hoc|x86.ActiveCfg = Ad-Hoc|iPhone
		{2DF8702C-6093-48E6-98FE-83E4DB932D7F}.AppStore|Any CPU.ActiveCfg = AppStore|iPhone
		{2DF8702C-6093-48E6-98FE-83E4DB932D7F}.AppStore|ARM.ActiveCfg = AppStore|iPhone
		{2DF8702C-6093-48E6-98FE-83E4DB932D7F}.AppStore|iPhone.ActiveCfg = AppStore|iPhone
		{2DF8702C-6093-48E6-98FE-83E4DB932D7F}.AppStore|iPhone.Build.0 = AppStore|iPhone
		{2DF8702C-6093-48E6-98FE-83E4DB932D7F}.AppStore|iPhoneSimulator.ActiveCfg = AppStore|iPhoneSimulator
		{2DF8702C-6093-48E6-98FE-83E4DB932D7F}.AppStore|iPhoneSimulator.Build.0 = AppStore|iPhoneSimulator
		{2DF8702C-6093-48E6-98FE-83E4DB932D7F}.AppStore|x64.ActiveCfg = AppStore|iPhone
		{2DF8702C-6093-48E6-98FE-83E4DB932D7F}.AppStore|x86.ActiveCfg = AppStore|iPhone
		{2DF8702C-6093-48E6-98FE-83E4DB932D7F}.Debug|Any CPU.ActiveCfg = Debug|iPhone
		{2DF8702C-6093-48E6-98FE-83E4DB932D7F}.Debug|ARM.ActiveCfg = Debug|iPhone
		{2DF8702C-6093-48E6-98FE-83E4DB932D7F}.Debug|iPhone.ActiveCfg = Debug|iPhone
		{2DF8702C-6093-48E6-98FE-83E4DB932D7F}.Debug|iPhone.Build.0 = Debug|iPhone
		{2DF8702C-6093-48E6-98FE-83E4DB932D7F}.Debug|iPhoneSimulator.ActiveCfg = Debug|iPhoneSimulator
		{2DF8702C-6093-48E6-98FE-83E4DB932D7F}.Debug|iPhoneSimulator.Build.0 = Debug|iPhoneSimulator
		{2DF8702C-6093-48E6-98FE-83E4DB932D7F}.Debug|x64.ActiveCfg = Debug|iPhone
		{2DF8702C-6093-48E6-98FE-83E4DB932D7F}.Debug|x86.ActiveCfg = Debug|iPhone
		{2DF8702C-6093-48E6-98FE-83E4DB932D7F}.Release|Any CPU.ActiveCfg = Release|iPhone
		{2DF8702C-6093-48E6-98FE-83E4DB932D7F}.Release|ARM.ActiveCfg = Release|iPhone
		{2DF8702C-6093-48E6-98FE-83E4DB932D7F}.Release|iPhone.ActiveCfg = Release|iPhone
		{2DF8702C-6093-48E6-98FE-83E4DB932D7F}.Release|iPhone.Build.0 = Release|iPhone
		{2DF8702C-6093-48E6-98FE-83E4DB932D7F}.Release|iPhoneSimulator.ActiveCfg = Release|iPhoneSimulator
		{2DF8702C-6093-48E6-98FE-83E4DB932D7F}.Release|iPhoneSimulator.Build.0 = Release|iPhoneSimulator
		{2DF8702C-6093-48E6-98FE-83E4DB932D7F}.Release|x64.ActiveCfg = Release|iPhone
		{2DF8702C-6093-48E6-98FE-83E4DB932D7F}.Release|x86.ActiveCfg = Release|iPhone
		{89C29F03-CAF5-410E-9A08-3CFD56732170}.Ad-Hoc|Any CPU.ActiveCfg = Release|Any CPU
		{89C29F03-CAF5-410E-9A08-3CFD56732170}.Ad-Hoc|Any CPU.Build.0 = Release|Any CPU
		{89C29F03-CAF5-410E-9A08-3CFD56732170}.Ad-Hoc|Any CPU.Deploy.0 = Release|Any CPU
		{89C29F03-CAF5-410E-9A08-3CFD56732170}.Ad-Hoc|ARM.ActiveCfg = Release|ARM
		{89C29F03-CAF5-410E-9A08-3CFD56732170}.Ad-Hoc|ARM.Build.0 = Release|ARM
		{89C29F03-CAF5-410E-9A08-3CFD56732170}.Ad-Hoc|ARM.Deploy.0 = Release|ARM
		{89C29F03-CAF5-410E-9A08-3CFD56732170}.Ad-Hoc|iPhone.ActiveCfg = Release|Any CPU
		{89C29F03-CAF5-410E-9A08-3CFD56732170}.Ad-Hoc|iPhone.Build.0 = Release|Any CPU
		{89C29F03-CAF5-410E-9A08-3CFD56732170}.Ad-Hoc|iPhone.Deploy.0 = Release|Any CPU
		{89C29F03-CAF5-410E-9A08-3CFD56732170}.Ad-Hoc|iPhoneSimulator.ActiveCfg = Release|Any CPU
		{89C29F03-CAF5-410E-9A08-3CFD56732170}.Ad-Hoc|iPhoneSimulator.Build.0 = Release|Any CPU
		{89C29F03-CAF5-410E-9A08-3CFD56732170}.Ad-Hoc|iPhoneSimulator.Deploy.0 = Release|Any CPU
		{89C29F03-CAF5-410E-9A08-3CFD56732170}.Ad-Hoc|x64.ActiveCfg = Release|Any CPU
		{89C29F03-CAF5-410E-9A08-3CFD56732170}.Ad-Hoc|x64.Build.0 = Release|Any CPU
		{89C29F03-CAF5-410E-9A08-3CFD56732170}.Ad-Hoc|x64.Deploy.0 = Release|Any CPU
		{89C29F03-CAF5-410E-9A08-3CFD56732170}.Ad-Hoc|x86.ActiveCfg = Release|x86
		{89C29F03-CAF5-410E-9A08-3CFD56732170}.Ad-Hoc|x86.Build.0 = Release|x86
		{89C29F03-CAF5-410E-9A08-3CFD56732170}.Ad-Hoc|x86.Deploy.0 = Release|x86
		{89C29F03-CAF5-410E-9A08-3CFD56732170}.AppStore|Any CPU.ActiveCfg = Release|Any CPU
		{89C29F03-CAF5-410E-9A08-3CFD56732170}.AppStore|Any CPU.Build.0 = Release|Any CPU
		{89C29F03-CAF5-410E-9A08-3CFD56732170}.AppStore|Any CPU.Deploy.0 = Release|Any CPU
		{89C29F03-CAF5-410E-9A08-3CFD56732170}.AppStore|ARM.ActiveCfg = Release|ARM
		{89C29F03-CAF5-410E-9A08-3CFD56732170}.AppStore|ARM.Build.0 = Release|ARM
		{89C29F03-CAF5-410E-9A08-3CFD56732170}.AppStore|ARM.Deploy.0 = Release|ARM
		{89C29F03-CAF5-410E-9A08-3CFD56732170}.AppStore|iPhone.ActiveCfg = Release|Any CPU
		{89C29F03-CAF5-410E-9A08-3CFD56732170}.AppStore|iPhone.Build.0 = Release|Any CPU
		{89C29F03-CAF5-410E-9A08-3CFD56732170}.AppStore|iPhone.Deploy.0 = Release|Any CPU
		{89C29F03-CAF5-410E-9A08-3CFD56732170}.AppStore|iPhoneSimulator.ActiveCfg = Release|Any CPU
		{89C29F03-CAF5-410E-9A08-3CFD56732170}.AppStore|iPhoneSimulator.Build.0 = Release|Any CPU
		{89C29F03-CAF5-410E-9A08-3CFD56732170}.AppStore|iPhoneSimulator.Deploy.0 = Release|Any CPU
		{89C29F03-CAF5-410E-9A08-3CFD56732170}.AppStore|x64.ActiveCfg = Release|Any CPU
		{89C29F03-CAF5-410E-9A08-3CFD56732170}.AppStore|x64.Build.0 = Release|Any CPU
		{89C29F03-CAF5-410E-9A08-3CFD56732170}.AppStore|x64.Deploy.0 = Release|Any CPU
		{89C29F03-CAF5-410E-9A08-3CFD56732170}.AppStore|x86.ActiveCfg = Release|x86
		{89C29F03-CAF5-410E-9A08-3CFD56732170}.AppStore|x86.Build.0 = Release|x86
		{89C29F03-CAF5-410E-9A08-3CFD56732170}.AppStore|x86.Deploy.0 = Release|x86
		{89C29F03-CAF5-410E-9A08-3CFD56732170}.Debug|Any CPU.ActiveCfg = Debug|Any CPU
		{89C29F03-CAF5-410E-9A08-3CFD56732170}.Debug|Any CPU.Build.0 = Debug|Any CPU
		{89C29F03-CAF5-410E-9A08-3CFD56732170}.Debug|Any CPU.Deploy.0 = Debug|Any CPU
		{89C29F03-CAF5-410E-9A08-3CFD56732170}.Debug|ARM.ActiveCfg = Debug|ARM
		{89C29F03-CAF5-410E-9A08-3CFD56732170}.Debug|ARM.Build.0 = Debug|ARM
		{89C29F03-CAF5-410E-9A08-3CFD56732170}.Debug|ARM.Deploy.0 = Debug|ARM
		{89C29F03-CAF5-410E-9A08-3CFD56732170}.Debug|iPhone.ActiveCfg = Debug|Any CPU
		{89C29F03-CAF5-410E-9A08-3CFD56732170}.Debug|iPhone.Build.0 = Debug|Any CPU
		{89C29F03-CAF5-410E-9A08-3CFD56732170}.Debug|iPhone.Deploy.0 = Debug|Any CPU
		{89C29F03-CAF5-410E-9A08-3CFD56732170}.Debug|iPhoneSimulator.ActiveCfg = Debug|Any CPU
		{89C29F03-CAF5-410E-9A08-3CFD56732170}.Debug|iPhoneSimulator.Build.0 = Debug|Any CPU
		{89C29F03-CAF5-410E-9A08-3CFD56732170}.Debug|iPhoneSimulator.Deploy.0 = Debug|Any CPU
		{89C29F03-CAF5-410E-9A08-3CFD56732170}.Debug|x64.ActiveCfg = Debug|Any CPU
		{89C29F03-CAF5-410E-9A08-3CFD56732170}.Debug|x64.Build.0 = Debug|Any CPU
		{89C29F03-CAF5-410E-9A08-3CFD56732170}.Debug|x64.Deploy.0 = Debug|Any CPU
		{89C29F03-CAF5-410E-9A08-3CFD56732170}.Debug|x86.ActiveCfg = Debug|x86
		{89C29F03-CAF5-410E-9A08-3CFD56732170}.Debug|x86.Build.0 = Debug|x86
		{89C29F03-CAF5-410E-9A08-3CFD56732170}.Debug|x86.Deploy.0 = Debug|x86
		{89C29F03-CAF5-410E-9A08-3CFD56732170}.Release|Any CPU.ActiveCfg = Release|Any CPU
		{89C29F03-CAF5-410E-9A08-3CFD56732170}.Release|Any CPU.Build.0 = Release|Any CPU
		{89C29F03-CAF5-410E-9A08-3CFD56732170}.Release|Any CPU.Deploy.0 = Release|Any CPU
		{89C29F03-CAF5-410E-9A08-3CFD56732170}.Release|ARM.ActiveCfg = Release|ARM
		{89C29F03-CAF5-410E-9A08-3CFD56732170}.Release|ARM.Build.0 = Release|ARM
		{89C29F03-CAF5-410E-9A08-3CFD56732170}.Release|ARM.Deploy.0 = Release|ARM
		{89C29F03-CAF5-410E-9A08-3CFD56732170}.Release|iPhone.ActiveCfg = Release|Any CPU
		{89C29F03-CAF5-410E-9A08-3CFD56732170}.Release|iPhone.Build.0 = Release|Any CPU
		{89C29F03-CAF5-410E-9A08-3CFD56732170}.Release|iPhone.Deploy.0 = Release|Any CPU
		{89C29F03-CAF5-410E-9A08-3CFD56732170}.Release|iPhoneSimulator.ActiveCfg = Release|Any CPU
		{89C29F03-CAF5-410E-9A08-3CFD56732170}.Release|iPhoneSimulator.Build.0 = Release|Any CPU
		{89C29F03-CAF5-410E-9A08-3CFD56732170}.Release|iPhoneSimulator.Deploy.0 = Release|Any CPU
		{89C29F03-CAF5-410E-9A08-3CFD56732170}.Release|x64.ActiveCfg = Release|Any CPU
		{89C29F03-CAF5-410E-9A08-3CFD56732170}.Release|x64.Build.0 = Release|Any CPU
		{89C29F03-CAF5-410E-9A08-3CFD56732170}.Release|x64.Deploy.0 = Release|Any CPU
		{89C29F03-CAF5-410E-9A08-3CFD56732170}.Release|x86.ActiveCfg = Release|x86
		{89C29F03-CAF5-410E-9A08-3CFD56732170}.Release|x86.Build.0 = Release|x86
		{89C29F03-CAF5-410E-9A08-3CFD56732170}.Release|x86.Deploy.0 = Release|x86
		{D6404AA9-8FDE-43B9-AAB9-25B58522B479}.Ad-Hoc|Any CPU.ActiveCfg = Release|Any CPU
		{D6404AA9-8FDE-43B9-AAB9-25B58522B479}.Ad-Hoc|Any CPU.Build.0 = Release|Any CPU
		{D6404AA9-8FDE-43B9-AAB9-25B58522B479}.Ad-Hoc|Any CPU.Deploy.0 = Release|Any CPU
		{D6404AA9-8FDE-43B9-AAB9-25B58522B479}.Ad-Hoc|ARM.ActiveCfg = Release|ARM
		{D6404AA9-8FDE-43B9-AAB9-25B58522B479}.Ad-Hoc|ARM.Build.0 = Release|ARM
		{D6404AA9-8FDE-43B9-AAB9-25B58522B479}.Ad-Hoc|ARM.Deploy.0 = Release|ARM
		{D6404AA9-8FDE-43B9-AAB9-25B58522B479}.Ad-Hoc|iPhone.ActiveCfg = Release|Any CPU
		{D6404AA9-8FDE-43B9-AAB9-25B58522B479}.Ad-Hoc|iPhone.Build.0 = Release|Any CPU
		{D6404AA9-8FDE-43B9-AAB9-25B58522B479}.Ad-Hoc|iPhone.Deploy.0 = Release|Any CPU
		{D6404AA9-8FDE-43B9-AAB9-25B58522B479}.Ad-Hoc|iPhoneSimulator.ActiveCfg = Release|Any CPU
		{D6404AA9-8FDE-43B9-AAB9-25B58522B479}.Ad-Hoc|iPhoneSimulator.Build.0 = Release|Any CPU
		{D6404AA9-8FDE-43B9-AAB9-25B58522B479}.Ad-Hoc|iPhoneSimulator.Deploy.0 = Release|Any CPU
		{D6404AA9-8FDE-43B9-AAB9-25B58522B479}.Ad-Hoc|x64.ActiveCfg = Release|x64
		{D6404AA9-8FDE-43B9-AAB9-25B58522B479}.Ad-Hoc|x64.Build.0 = Release|x64
		{D6404AA9-8FDE-43B9-AAB9-25B58522B479}.Ad-Hoc|x64.Deploy.0 = Release|x64
		{D6404AA9-8FDE-43B9-AAB9-25B58522B479}.Ad-Hoc|x86.ActiveCfg = Release|x86
		{D6404AA9-8FDE-43B9-AAB9-25B58522B479}.Ad-Hoc|x86.Build.0 = Release|x86
		{D6404AA9-8FDE-43B9-AAB9-25B58522B479}.Ad-Hoc|x86.Deploy.0 = Release|x86
		{D6404AA9-8FDE-43B9-AAB9-25B58522B479}.AppStore|Any CPU.ActiveCfg = Release|Any CPU
		{D6404AA9-8FDE-43B9-AAB9-25B58522B479}.AppStore|Any CPU.Build.0 = Release|Any CPU
		{D6404AA9-8FDE-43B9-AAB9-25B58522B479}.AppStore|Any CPU.Deploy.0 = Release|Any CPU
		{D6404AA9-8FDE-43B9-AAB9-25B58522B479}.AppStore|ARM.ActiveCfg = Release|ARM
		{D6404AA9-8FDE-43B9-AAB9-25B58522B479}.AppStore|ARM.Build.0 = Release|ARM
		{D6404AA9-8FDE-43B9-AAB9-25B58522B479}.AppStore|ARM.Deploy.0 = Release|ARM
		{D6404AA9-8FDE-43B9-AAB9-25B58522B479}.AppStore|iPhone.ActiveCfg = Release|Any CPU
		{D6404AA9-8FDE-43B9-AAB9-25B58522B479}.AppStore|iPhone.Build.0 = Release|Any CPU
		{D6404AA9-8FDE-43B9-AAB9-25B58522B479}.AppStore|iPhone.Deploy.0 = Release|Any CPU
		{D6404AA9-8FDE-43B9-AAB9-25B58522B479}.AppStore|iPhoneSimulator.ActiveCfg = Release|Any CPU
		{D6404AA9-8FDE-43B9-AAB9-25B58522B479}.AppStore|iPhoneSimulator.Build.0 = Release|Any CPU
		{D6404AA9-8FDE-43B9-AAB9-25B58522B479}.AppStore|iPhoneSimulator.Deploy.0 = Release|Any CPU
		{D6404AA9-8FDE-43B9-AAB9-25B58522B479}.AppStore|x64.ActiveCfg = Release|x64
		{D6404AA9-8FDE-43B9-AAB9-25B58522B479}.AppStore|x64.Build.0 = Release|x64
		{D6404AA9-8FDE-43B9-AAB9-25B58522B479}.AppStore|x64.Deploy.0 = Release|x64
		{D6404AA9-8FDE-43B9-AAB9-25B58522B479}.AppStore|x86.ActiveCfg = Release|x86
		{D6404AA9-8FDE-43B9-AAB9-25B58522B479}.AppStore|x86.Build.0 = Release|x86
		{D6404AA9-8FDE-43B9-AAB9-25B58522B479}.AppStore|x86.Deploy.0 = Release|x86
		{D6404AA9-8FDE-43B9-AAB9-25B58522B479}.Debug|Any CPU.ActiveCfg = Debug|Any CPU
		{D6404AA9-8FDE-43B9-AAB9-25B58522B479}.Debug|Any CPU.Build.0 = Debug|Any CPU
		{D6404AA9-8FDE-43B9-AAB9-25B58522B479}.Debug|Any CPU.Deploy.0 = Debug|Any CPU
		{D6404AA9-8FDE-43B9-AAB9-25B58522B479}.Debug|ARM.ActiveCfg = Debug|ARM
		{D6404AA9-8FDE-43B9-AAB9-25B58522B479}.Debug|ARM.Build.0 = Debug|ARM
		{D6404AA9-8FDE-43B9-AAB9-25B58522B479}.Debug|ARM.Deploy.0 = Debug|ARM
		{D6404AA9-8FDE-43B9-AAB9-25B58522B479}.Debug|iPhone.ActiveCfg = Debug|Any CPU
		{D6404AA9-8FDE-43B9-AAB9-25B58522B479}.Debug|iPhone.Build.0 = Debug|Any CPU
		{D6404AA9-8FDE-43B9-AAB9-25B58522B479}.Debug|iPhone.Deploy.0 = Debug|Any CPU
		{D6404AA9-8FDE-43B9-AAB9-25B58522B479}.Debug|iPhoneSimulator.ActiveCfg = Debug|Any CPU
		{D6404AA9-8FDE-43B9-AAB9-25B58522B479}.Debug|iPhoneSimulator.Build.0 = Debug|Any CPU
		{D6404AA9-8FDE-43B9-AAB9-25B58522B479}.Debug|iPhoneSimulator.Deploy.0 = Debug|Any CPU
		{D6404AA9-8FDE-43B9-AAB9-25B58522B479}.Debug|x64.ActiveCfg = Debug|x64
		{D6404AA9-8FDE-43B9-AAB9-25B58522B479}.Debug|x64.Build.0 = Debug|x64
		{D6404AA9-8FDE-43B9-AAB9-25B58522B479}.Debug|x64.Deploy.0 = Debug|x64
		{D6404AA9-8FDE-43B9-AAB9-25B58522B479}.Debug|x86.ActiveCfg = Debug|x86
		{D6404AA9-8FDE-43B9-AAB9-25B58522B479}.Debug|x86.Build.0 = Debug|x86
		{D6404AA9-8FDE-43B9-AAB9-25B58522B479}.Debug|x86.Deploy.0 = Debug|x86
		{D6404AA9-8FDE-43B9-AAB9-25B58522B479}.Release|Any CPU.ActiveCfg = Release|Any CPU
		{D6404AA9-8FDE-43B9-AAB9-25B58522B479}.Release|Any CPU.Build.0 = Release|Any CPU
		{D6404AA9-8FDE-43B9-AAB9-25B58522B479}.Release|Any CPU.Deploy.0 = Release|Any CPU
		{D6404AA9-8FDE-43B9-AAB9-25B58522B479}.Release|ARM.ActiveCfg = Release|ARM
		{D6404AA9-8FDE-43B9-AAB9-25B58522B479}.Release|ARM.Build.0 = Release|ARM
		{D6404AA9-8FDE-43B9-AAB9-25B58522B479}.Release|ARM.Deploy.0 = Release|ARM
		{D6404AA9-8FDE-43B9-AAB9-25B58522B479}.Release|iPhone.ActiveCfg = Release|Any CPU
		{D6404AA9-8FDE-43B9-AAB9-25B58522B479}.Release|iPhone.Build.0 = Release|Any CPU
		{D6404AA9-8FDE-43B9-AAB9-25B58522B479}.Release|iPhone.Deploy.0 = Release|Any CPU
		{D6404AA9-8FDE-43B9-AAB9-25B58522B479}.Release|iPhoneSimulator.ActiveCfg = Release|Any CPU
		{D6404AA9-8FDE-43B9-AAB9-25B58522B479}.Release|iPhoneSimulator.Build.0 = Release|Any CPU
		{D6404AA9-8FDE-43B9-AAB9-25B58522B479}.Release|iPhoneSimulator.Deploy.0 = Release|Any CPU
		{D6404AA9-8FDE-43B9-AAB9-25B58522B479}.Release|x64.ActiveCfg = Release|x64
		{D6404AA9-8FDE-43B9-AAB9-25B58522B479}.Release|x64.Build.0 = Release|x64
		{D6404AA9-8FDE-43B9-AAB9-25B58522B479}.Release|x64.Deploy.0 = Release|x64
		{D6404AA9-8FDE-43B9-AAB9-25B58522B479}.Release|x86.ActiveCfg = Release|x86
		{D6404AA9-8FDE-43B9-AAB9-25B58522B479}.Release|x86.Build.0 = Release|x86
		{D6404AA9-8FDE-43B9-AAB9-25B58522B479}.Release|x86.Deploy.0 = Release|x86
		{DD2CDFD7-FE45-4EC6-9CD8-DDD138E1C552}.Ad-Hoc|Any CPU.ActiveCfg = Release|Any CPU
		{DD2CDFD7-FE45-4EC6-9CD8-DDD138E1C552}.Ad-Hoc|Any CPU.Build.0 = Release|Any CPU
		{DD2CDFD7-FE45-4EC6-9CD8-DDD138E1C552}.Ad-Hoc|ARM.ActiveCfg = Release|Any CPU
		{DD2CDFD7-FE45-4EC6-9CD8-DDD138E1C552}.Ad-Hoc|ARM.Build.0 = Release|Any CPU
		{DD2CDFD7-FE45-4EC6-9CD8-DDD138E1C552}.Ad-Hoc|iPhone.ActiveCfg = Release|Any CPU
		{DD2CDFD7-FE45-4EC6-9CD8-DDD138E1C552}.Ad-Hoc|iPhone.Build.0 = Release|Any CPU
		{DD2CDFD7-FE45-4EC6-9CD8-DDD138E1C552}.Ad-Hoc|iPhoneSimulator.ActiveCfg = Release|Any CPU
		{DD2CDFD7-FE45-4EC6-9CD8-DDD138E1C552}.Ad-Hoc|iPhoneSimulator.Build.0 = Release|Any CPU
		{DD2CDFD7-FE45-4EC6-9CD8-DDD138E1C552}.Ad-Hoc|x64.ActiveCfg = Release|Any CPU
		{DD2CDFD7-FE45-4EC6-9CD8-DDD138E1C552}.Ad-Hoc|x64.Build.0 = Release|Any CPU
		{DD2CDFD7-FE45-4EC6-9CD8-DDD138E1C552}.Ad-Hoc|x86.ActiveCfg = Release|Any CPU
		{DD2CDFD7-FE45-4EC6-9CD8-DDD138E1C552}.Ad-Hoc|x86.Build.0 = Release|Any CPU
		{DD2CDFD7-FE45-4EC6-9CD8-DDD138E1C552}.AppStore|Any CPU.ActiveCfg = Release|Any CPU
		{DD2CDFD7-FE45-4EC6-9CD8-DDD138E1C552}.AppStore|Any CPU.Build.0 = Release|Any CPU
		{DD2CDFD7-FE45-4EC6-9CD8-DDD138E1C552}.AppStore|ARM.ActiveCfg = Release|Any CPU
		{DD2CDFD7-FE45-4EC6-9CD8-DDD138E1C552}.AppStore|ARM.Build.0 = Release|Any CPU
		{DD2CDFD7-FE45-4EC6-9CD8-DDD138E1C552}.AppStore|iPhone.ActiveCfg = Release|Any CPU
		{DD2CDFD7-FE45-4EC6-9CD8-DDD138E1C552}.AppStore|iPhone.Build.0 = Release|Any CPU
		{DD2CDFD7-FE45-4EC6-9CD8-DDD138E1C552}.AppStore|iPhoneSimulator.ActiveCfg = Release|Any CPU
		{DD2CDFD7-FE45-4EC6-9CD8-DDD138E1C552}.AppStore|iPhoneSimulator.Build.0 = Release|Any CPU
		{DD2CDFD7-FE45-4EC6-9CD8-DDD138E1C552}.AppStore|x64.ActiveCfg = Release|Any CPU
		{DD2CDFD7-FE45-4EC6-9CD8-DDD138E1C552}.AppStore|x64.Build.0 = Release|Any CPU
		{DD2CDFD7-FE45-4EC6-9CD8-DDD138E1C552}.AppStore|x86.ActiveCfg = Release|Any CPU
		{DD2CDFD7-FE45-4EC6-9CD8-DDD138E1C552}.AppStore|x86.Build.0 = Release|Any CPU
		{DD2CDFD7-FE45-4EC6-9CD8-DDD138E1C552}.Debug|Any CPU.ActiveCfg = Debug|Any CPU
		{DD2CDFD7-FE45-4EC6-9CD8-DDD138E1C552}.Debug|Any CPU.Build.0 = Debug|Any CPU
		{DD2CDFD7-FE45-4EC6-9CD8-DDD138E1C552}.Debug|ARM.ActiveCfg = Debug|Any CPU
		{DD2CDFD7-FE45-4EC6-9CD8-DDD138E1C552}.Debug|ARM.Build.0 = Debug|Any CPU
		{DD2CDFD7-FE45-4EC6-9CD8-DDD138E1C552}.Debug|iPhone.ActiveCfg = Debug|Any CPU
		{DD2CDFD7-FE45-4EC6-9CD8-DDD138E1C552}.Debug|iPhone.Build.0 = Debug|Any CPU
		{DD2CDFD7-FE45-4EC6-9CD8-DDD138E1C552}.Debug|iPhoneSimulator.ActiveCfg = Debug|Any CPU
		{DD2CDFD7-FE45-4EC6-9CD8-DDD138E1C552}.Debug|iPhoneSimulator.Build.0 = Debug|Any CPU
		{DD2CDFD7-FE45-4EC6-9CD8-DDD138E1C552}.Debug|x64.ActiveCfg = Debug|Any CPU
		{DD2CDFD7-FE45-4EC6-9CD8-DDD138E1C552}.Debug|x64.Build.0 = Debug|Any CPU
		{DD2CDFD7-FE45-4EC6-9CD8-DDD138E1C552}.Debug|x86.ActiveCfg = Debug|Any CPU
		{DD2CDFD7-FE45-4EC6-9CD8-DDD138E1C552}.Debug|x86.Build.0 = Debug|Any CPU
		{DD2CDFD7-FE45-4EC6-9CD8-DDD138E1C552}.Release|Any CPU.ActiveCfg = Release|Any CPU
		{DD2CDFD7-FE45-4EC6-9CD8-DDD138E1C552}.Release|Any CPU.Build.0 = Release|Any CPU
		{DD2CDFD7-FE45-4EC6-9CD8-DDD138E1C552}.Release|ARM.ActiveCfg = Release|Any CPU
		{DD2CDFD7-FE45-4EC6-9CD8-DDD138E1C552}.Release|ARM.Build.0 = Release|Any CPU
		{DD2CDFD7-FE45-4EC6-9CD8-DDD138E1C552}.Release|iPhone.ActiveCfg = Release|Any CPU
		{DD2CDFD7-FE45-4EC6-9CD8-DDD138E1C552}.Release|iPhone.Build.0 = Release|Any CPU
		{DD2CDFD7-FE45-4EC6-9CD8-DDD138E1C552}.Release|iPhoneSimulator.ActiveCfg = Release|Any CPU
		{DD2CDFD7-FE45-4EC6-9CD8-DDD138E1C552}.Release|iPhoneSimulator.Build.0 = Release|Any CPU
		{DD2CDFD7-FE45-4EC6-9CD8-DDD138E1C552}.Release|x64.ActiveCfg = Release|Any CPU
		{DD2CDFD7-FE45-4EC6-9CD8-DDD138E1C552}.Release|x64.Build.0 = Release|Any CPU
		{DD2CDFD7-FE45-4EC6-9CD8-DDD138E1C552}.Release|x86.ActiveCfg = Release|Any CPU
		{DD2CDFD7-FE45-4EC6-9CD8-DDD138E1C552}.Release|x86.Build.0 = Release|Any CPU
		{3C68FFBF-9B16-4BDD-9441-04FB1B2E02F2}.Ad-Hoc|Any CPU.ActiveCfg = Release|Any CPU
		{3C68FFBF-9B16-4BDD-9441-04FB1B2E02F2}.Ad-Hoc|Any CPU.Build.0 = Release|Any CPU
		{3C68FFBF-9B16-4BDD-9441-04FB1B2E02F2}.Ad-Hoc|Any CPU.Deploy.0 = Release|Any CPU
		{3C68FFBF-9B16-4BDD-9441-04FB1B2E02F2}.Ad-Hoc|ARM.ActiveCfg = Release|Any CPU
		{3C68FFBF-9B16-4BDD-9441-04FB1B2E02F2}.Ad-Hoc|ARM.Build.0 = Release|Any CPU
		{3C68FFBF-9B16-4BDD-9441-04FB1B2E02F2}.Ad-Hoc|ARM.Deploy.0 = Release|Any CPU
		{3C68FFBF-9B16-4BDD-9441-04FB1B2E02F2}.Ad-Hoc|iPhone.ActiveCfg = Release|Any CPU
		{3C68FFBF-9B16-4BDD-9441-04FB1B2E02F2}.Ad-Hoc|iPhone.Build.0 = Release|Any CPU
		{3C68FFBF-9B16-4BDD-9441-04FB1B2E02F2}.Ad-Hoc|iPhone.Deploy.0 = Release|Any CPU
		{3C68FFBF-9B16-4BDD-9441-04FB1B2E02F2}.Ad-Hoc|iPhoneSimulator.ActiveCfg = Release|Any CPU
		{3C68FFBF-9B16-4BDD-9441-04FB1B2E02F2}.Ad-Hoc|iPhoneSimulator.Build.0 = Release|Any CPU
		{3C68FFBF-9B16-4BDD-9441-04FB1B2E02F2}.Ad-Hoc|iPhoneSimulator.Deploy.0 = Release|Any CPU
		{3C68FFBF-9B16-4BDD-9441-04FB1B2E02F2}.Ad-Hoc|x64.ActiveCfg = Release|Any CPU
		{3C68FFBF-9B16-4BDD-9441-04FB1B2E02F2}.Ad-Hoc|x64.Build.0 = Release|Any CPU
		{3C68FFBF-9B16-4BDD-9441-04FB1B2E02F2}.Ad-Hoc|x64.Deploy.0 = Release|Any CPU
		{3C68FFBF-9B16-4BDD-9441-04FB1B2E02F2}.Ad-Hoc|x86.ActiveCfg = Release|Any CPU
		{3C68FFBF-9B16-4BDD-9441-04FB1B2E02F2}.Ad-Hoc|x86.Build.0 = Release|Any CPU
		{3C68FFBF-9B16-4BDD-9441-04FB1B2E02F2}.Ad-Hoc|x86.Deploy.0 = Release|Any CPU
		{3C68FFBF-9B16-4BDD-9441-04FB1B2E02F2}.AppStore|Any CPU.ActiveCfg = Release|Any CPU
		{3C68FFBF-9B16-4BDD-9441-04FB1B2E02F2}.AppStore|Any CPU.Build.0 = Release|Any CPU
		{3C68FFBF-9B16-4BDD-9441-04FB1B2E02F2}.AppStore|Any CPU.Deploy.0 = Release|Any CPU
		{3C68FFBF-9B16-4BDD-9441-04FB1B2E02F2}.AppStore|ARM.ActiveCfg = Release|Any CPU
		{3C68FFBF-9B16-4BDD-9441-04FB1B2E02F2}.AppStore|ARM.Build.0 = Release|Any CPU
		{3C68FFBF-9B16-4BDD-9441-04FB1B2E02F2}.AppStore|ARM.Deploy.0 = Release|Any CPU
		{3C68FFBF-9B16-4BDD-9441-04FB1B2E02F2}.AppStore|iPhone.ActiveCfg = Release|Any CPU
		{3C68FFBF-9B16-4BDD-9441-04FB1B2E02F2}.AppStore|iPhone.Build.0 = Release|Any CPU
		{3C68FFBF-9B16-4BDD-9441-04FB1B2E02F2}.AppStore|iPhone.Deploy.0 = Release|Any CPU
		{3C68FFBF-9B16-4BDD-9441-04FB1B2E02F2}.AppStore|iPhoneSimulator.ActiveCfg = Release|Any CPU
		{3C68FFBF-9B16-4BDD-9441-04FB1B2E02F2}.AppStore|iPhoneSimulator.Build.0 = Release|Any CPU
		{3C68FFBF-9B16-4BDD-9441-04FB1B2E02F2}.AppStore|iPhoneSimulator.Deploy.0 = Release|Any CPU
		{3C68FFBF-9B16-4BDD-9441-04FB1B2E02F2}.AppStore|x64.ActiveCfg = Release|Any CPU
		{3C68FFBF-9B16-4BDD-9441-04FB1B2E02F2}.AppStore|x64.Build.0 = Release|Any CPU
		{3C68FFBF-9B16-4BDD-9441-04FB1B2E02F2}.AppStore|x64.Deploy.0 = Release|Any CPU
		{3C68FFBF-9B16-4BDD-9441-04FB1B2E02F2}.AppStore|x86.ActiveCfg = Release|Any CPU
		{3C68FFBF-9B16-4BDD-9441-04FB1B2E02F2}.AppStore|x86.Build.0 = Release|Any CPU
		{3C68FFBF-9B16-4BDD-9441-04FB1B2E02F2}.AppStore|x86.Deploy.0 = Release|Any CPU
		{3C68FFBF-9B16-4BDD-9441-04FB1B2E02F2}.Debug|Any CPU.ActiveCfg = Debug|Any CPU
		{3C68FFBF-9B16-4BDD-9441-04FB1B2E02F2}.Debug|Any CPU.Build.0 = Debug|Any CPU
		{3C68FFBF-9B16-4BDD-9441-04FB1B2E02F2}.Debug|Any CPU.Deploy.0 = Debug|Any CPU
		{3C68FFBF-9B16-4BDD-9441-04FB1B2E02F2}.Debug|ARM.ActiveCfg = Debug|Any CPU
		{3C68FFBF-9B16-4BDD-9441-04FB1B2E02F2}.Debug|ARM.Build.0 = Debug|Any CPU
		{3C68FFBF-9B16-4BDD-9441-04FB1B2E02F2}.Debug|ARM.Deploy.0 = Debug|Any CPU
		{3C68FFBF-9B16-4BDD-9441-04FB1B2E02F2}.Debug|iPhone.ActiveCfg = Debug|Any CPU
		{3C68FFBF-9B16-4BDD-9441-04FB1B2E02F2}.Debug|iPhone.Build.0 = Debug|Any CPU
		{3C68FFBF-9B16-4BDD-9441-04FB1B2E02F2}.Debug|iPhone.Deploy.0 = Debug|Any CPU
		{3C68FFBF-9B16-4BDD-9441-04FB1B2E02F2}.Debug|iPhoneSimulator.ActiveCfg = Debug|Any CPU
		{3C68FFBF-9B16-4BDD-9441-04FB1B2E02F2}.Debug|iPhoneSimulator.Build.0 = Debug|Any CPU
		{3C68FFBF-9B16-4BDD-9441-04FB1B2E02F2}.Debug|iPhoneSimulator.Deploy.0 = Debug|Any CPU
		{3C68FFBF-9B16-4BDD-9441-04FB1B2E02F2}.Debug|x64.ActiveCfg = Debug|Any CPU
		{3C68FFBF-9B16-4BDD-9441-04FB1B2E02F2}.Debug|x64.Build.0 = Debug|Any CPU
		{3C68FFBF-9B16-4BDD-9441-04FB1B2E02F2}.Debug|x64.Deploy.0 = Debug|Any CPU
		{3C68FFBF-9B16-4BDD-9441-04FB1B2E02F2}.Debug|x86.ActiveCfg = Debug|Any CPU
		{3C68FFBF-9B16-4BDD-9441-04FB1B2E02F2}.Debug|x86.Build.0 = Debug|Any CPU
		{3C68FFBF-9B16-4BDD-9441-04FB1B2E02F2}.Debug|x86.Deploy.0 = Debug|Any CPU
		{3C68FFBF-9B16-4BDD-9441-04FB1B2E02F2}.Release|Any CPU.ActiveCfg = Release|Any CPU
		{3C68FFBF-9B16-4BDD-9441-04FB1B2E02F2}.Release|Any CPU.Build.0 = Release|Any CPU
		{3C68FFBF-9B16-4BDD-9441-04FB1B2E02F2}.Release|Any CPU.Deploy.0 = Release|Any CPU
		{3C68FFBF-9B16-4BDD-9441-04FB1B2E02F2}.Release|ARM.ActiveCfg = Release|Any CPU
		{3C68FFBF-9B16-4BDD-9441-04FB1B2E02F2}.Release|ARM.Build.0 = Release|Any CPU
		{3C68FFBF-9B16-4BDD-9441-04FB1B2E02F2}.Release|ARM.Deploy.0 = Release|Any CPU
		{3C68FFBF-9B16-4BDD-9441-04FB1B2E02F2}.Release|iPhone.ActiveCfg = Release|Any CPU
		{3C68FFBF-9B16-4BDD-9441-04FB1B2E02F2}.Release|iPhone.Build.0 = Release|Any CPU
		{3C68FFBF-9B16-4BDD-9441-04FB1B2E02F2}.Release|iPhone.Deploy.0 = Release|Any CPU
		{3C68FFBF-9B16-4BDD-9441-04FB1B2E02F2}.Release|iPhoneSimulator.ActiveCfg = Release|Any CPU
		{3C68FFBF-9B16-4BDD-9441-04FB1B2E02F2}.Release|iPhoneSimulator.Build.0 = Release|Any CPU
		{3C68FFBF-9B16-4BDD-9441-04FB1B2E02F2}.Release|iPhoneSimulator.Deploy.0 = Release|Any CPU
		{3C68FFBF-9B16-4BDD-9441-04FB1B2E02F2}.Release|x64.ActiveCfg = Release|Any CPU
		{3C68FFBF-9B16-4BDD-9441-04FB1B2E02F2}.Release|x64.Build.0 = Release|Any CPU
		{3C68FFBF-9B16-4BDD-9441-04FB1B2E02F2}.Release|x64.Deploy.0 = Release|Any CPU
		{3C68FFBF-9B16-4BDD-9441-04FB1B2E02F2}.Release|x86.ActiveCfg = Release|Any CPU
		{3C68FFBF-9B16-4BDD-9441-04FB1B2E02F2}.Release|x86.Build.0 = Release|Any CPU
		{3C68FFBF-9B16-4BDD-9441-04FB1B2E02F2}.Release|x86.Deploy.0 = Release|Any CPU
		{E0A34170-A563-40F6-A024-FA85C7F4FB1B}.Ad-Hoc|Any CPU.ActiveCfg = Ad-Hoc|iPhone
		{E0A34170-A563-40F6-A024-FA85C7F4FB1B}.Ad-Hoc|ARM.ActiveCfg = Ad-Hoc|iPhone
		{E0A34170-A563-40F6-A024-FA85C7F4FB1B}.Ad-Hoc|iPhone.ActiveCfg = Ad-Hoc|iPhone
		{E0A34170-A563-40F6-A024-FA85C7F4FB1B}.Ad-Hoc|iPhone.Build.0 = Ad-Hoc|iPhone
		{E0A34170-A563-40F6-A024-FA85C7F4FB1B}.Ad-Hoc|iPhoneSimulator.ActiveCfg = Ad-Hoc|iPhoneSimulator
		{E0A34170-A563-40F6-A024-FA85C7F4FB1B}.Ad-Hoc|iPhoneSimulator.Build.0 = Ad-Hoc|iPhoneSimulator
		{E0A34170-A563-40F6-A024-FA85C7F4FB1B}.Ad-Hoc|x64.ActiveCfg = Ad-Hoc|iPhone
		{E0A34170-A563-40F6-A024-FA85C7F4FB1B}.Ad-Hoc|x86.ActiveCfg = Ad-Hoc|iPhone
		{E0A34170-A563-40F6-A024-FA85C7F4FB1B}.AppStore|Any CPU.ActiveCfg = AppStore|iPhone
		{E0A34170-A563-40F6-A024-FA85C7F4FB1B}.AppStore|ARM.ActiveCfg = AppStore|iPhone
		{E0A34170-A563-40F6-A024-FA85C7F4FB1B}.AppStore|iPhone.ActiveCfg = AppStore|iPhone
		{E0A34170-A563-40F6-A024-FA85C7F4FB1B}.AppStore|iPhone.Build.0 = AppStore|iPhone
		{E0A34170-A563-40F6-A024-FA85C7F4FB1B}.AppStore|iPhoneSimulator.ActiveCfg = AppStore|iPhoneSimulator
		{E0A34170-A563-40F6-A024-FA85C7F4FB1B}.AppStore|iPhoneSimulator.Build.0 = AppStore|iPhoneSimulator
		{E0A34170-A563-40F6-A024-FA85C7F4FB1B}.AppStore|x64.ActiveCfg = AppStore|iPhone
		{E0A34170-A563-40F6-A024-FA85C7F4FB1B}.AppStore|x86.ActiveCfg = AppStore|iPhone
		{E0A34170-A563-40F6-A024-FA85C7F4FB1B}.Debug|Any CPU.ActiveCfg = Debug|iPhone
		{E0A34170-A563-40F6-A024-FA85C7F4FB1B}.Debug|ARM.ActiveCfg = Debug|iPhone
		{E0A34170-A563-40F6-A024-FA85C7F4FB1B}.Debug|iPhone.ActiveCfg = Debug|iPhone
		{E0A34170-A563-40F6-A024-FA85C7F4FB1B}.Debug|iPhone.Build.0 = Debug|iPhone
		{E0A34170-A563-40F6-A024-FA85C7F4FB1B}.Debug|iPhoneSimulator.ActiveCfg = Debug|iPhoneSimulator
		{E0A34170-A563-40F6-A024-FA85C7F4FB1B}.Debug|iPhoneSimulator.Build.0 = Debug|iPhoneSimulator
		{E0A34170-A563-40F6-A024-FA85C7F4FB1B}.Debug|x64.ActiveCfg = Debug|iPhone
		{E0A34170-A563-40F6-A024-FA85C7F4FB1B}.Debug|x86.ActiveCfg = Debug|iPhone
		{E0A34170-A563-40F6-A024-FA85C7F4FB1B}.Release|Any CPU.ActiveCfg = Release|iPhone
		{E0A34170-A563-40F6-A024-FA85C7F4FB1B}.Release|ARM.ActiveCfg = Release|iPhone
		{E0A34170-A563-40F6-A024-FA85C7F4FB1B}.Release|iPhone.ActiveCfg = Release|iPhone
		{E0A34170-A563-40F6-A024-FA85C7F4FB1B}.Release|iPhone.Build.0 = Release|iPhone
		{E0A34170-A563-40F6-A024-FA85C7F4FB1B}.Release|iPhoneSimulator.ActiveCfg = Release|iPhoneSimulator
		{E0A34170-A563-40F6-A024-FA85C7F4FB1B}.Release|iPhoneSimulator.Build.0 = Release|iPhoneSimulator
		{E0A34170-A563-40F6-A024-FA85C7F4FB1B}.Release|x64.ActiveCfg = Release|iPhone
		{E0A34170-A563-40F6-A024-FA85C7F4FB1B}.Release|x86.ActiveCfg = Release|iPhone
		{1A2ED84E-BCC2-425A-A2AC-6FBC1713DA2E}.Ad-Hoc|Any CPU.ActiveCfg = Release|Any CPU
		{1A2ED84E-BCC2-425A-A2AC-6FBC1713DA2E}.Ad-Hoc|Any CPU.Build.0 = Release|Any CPU
		{1A2ED84E-BCC2-425A-A2AC-6FBC1713DA2E}.Ad-Hoc|Any CPU.Deploy.0 = Release|Any CPU
		{1A2ED84E-BCC2-425A-A2AC-6FBC1713DA2E}.Ad-Hoc|ARM.ActiveCfg = Release|ARM
		{1A2ED84E-BCC2-425A-A2AC-6FBC1713DA2E}.Ad-Hoc|ARM.Build.0 = Release|ARM
		{1A2ED84E-BCC2-425A-A2AC-6FBC1713DA2E}.Ad-Hoc|ARM.Deploy.0 = Release|ARM
		{1A2ED84E-BCC2-425A-A2AC-6FBC1713DA2E}.Ad-Hoc|iPhone.ActiveCfg = Release|Any CPU
		{1A2ED84E-BCC2-425A-A2AC-6FBC1713DA2E}.Ad-Hoc|iPhone.Build.0 = Release|Any CPU
		{1A2ED84E-BCC2-425A-A2AC-6FBC1713DA2E}.Ad-Hoc|iPhone.Deploy.0 = Release|Any CPU
		{1A2ED84E-BCC2-425A-A2AC-6FBC1713DA2E}.Ad-Hoc|iPhoneSimulator.ActiveCfg = Release|Any CPU
		{1A2ED84E-BCC2-425A-A2AC-6FBC1713DA2E}.Ad-Hoc|iPhoneSimulator.Build.0 = Release|Any CPU
		{1A2ED84E-BCC2-425A-A2AC-6FBC1713DA2E}.Ad-Hoc|iPhoneSimulator.Deploy.0 = Release|Any CPU
		{1A2ED84E-BCC2-425A-A2AC-6FBC1713DA2E}.Ad-Hoc|x64.ActiveCfg = Release|Any CPU
		{1A2ED84E-BCC2-425A-A2AC-6FBC1713DA2E}.Ad-Hoc|x64.Build.0 = Release|Any CPU
		{1A2ED84E-BCC2-425A-A2AC-6FBC1713DA2E}.Ad-Hoc|x64.Deploy.0 = Release|Any CPU
		{1A2ED84E-BCC2-425A-A2AC-6FBC1713DA2E}.Ad-Hoc|x86.ActiveCfg = Release|x86
		{1A2ED84E-BCC2-425A-A2AC-6FBC1713DA2E}.Ad-Hoc|x86.Build.0 = Release|x86
		{1A2ED84E-BCC2-425A-A2AC-6FBC1713DA2E}.Ad-Hoc|x86.Deploy.0 = Release|x86
		{1A2ED84E-BCC2-425A-A2AC-6FBC1713DA2E}.AppStore|Any CPU.ActiveCfg = Release|Any CPU
		{1A2ED84E-BCC2-425A-A2AC-6FBC1713DA2E}.AppStore|Any CPU.Build.0 = Release|Any CPU
		{1A2ED84E-BCC2-425A-A2AC-6FBC1713DA2E}.AppStore|Any CPU.Deploy.0 = Release|Any CPU
		{1A2ED84E-BCC2-425A-A2AC-6FBC1713DA2E}.AppStore|ARM.ActiveCfg = Release|ARM
		{1A2ED84E-BCC2-425A-A2AC-6FBC1713DA2E}.AppStore|ARM.Build.0 = Release|ARM
		{1A2ED84E-BCC2-425A-A2AC-6FBC1713DA2E}.AppStore|ARM.Deploy.0 = Release|ARM
		{1A2ED84E-BCC2-425A-A2AC-6FBC1713DA2E}.AppStore|iPhone.ActiveCfg = Release|Any CPU
		{1A2ED84E-BCC2-425A-A2AC-6FBC1713DA2E}.AppStore|iPhone.Build.0 = Release|Any CPU
		{1A2ED84E-BCC2-425A-A2AC-6FBC1713DA2E}.AppStore|iPhone.Deploy.0 = Release|Any CPU
		{1A2ED84E-BCC2-425A-A2AC-6FBC1713DA2E}.AppStore|iPhoneSimulator.ActiveCfg = Release|Any CPU
		{1A2ED84E-BCC2-425A-A2AC-6FBC1713DA2E}.AppStore|iPhoneSimulator.Build.0 = Release|Any CPU
		{1A2ED84E-BCC2-425A-A2AC-6FBC1713DA2E}.AppStore|iPhoneSimulator.Deploy.0 = Release|Any CPU
		{1A2ED84E-BCC2-425A-A2AC-6FBC1713DA2E}.AppStore|x64.ActiveCfg = Release|Any CPU
		{1A2ED84E-BCC2-425A-A2AC-6FBC1713DA2E}.AppStore|x64.Build.0 = Release|Any CPU
		{1A2ED84E-BCC2-425A-A2AC-6FBC1713DA2E}.AppStore|x64.Deploy.0 = Release|Any CPU
		{1A2ED84E-BCC2-425A-A2AC-6FBC1713DA2E}.AppStore|x86.ActiveCfg = Release|x86
		{1A2ED84E-BCC2-425A-A2AC-6FBC1713DA2E}.AppStore|x86.Build.0 = Release|x86
		{1A2ED84E-BCC2-425A-A2AC-6FBC1713DA2E}.AppStore|x86.Deploy.0 = Release|x86
		{1A2ED84E-BCC2-425A-A2AC-6FBC1713DA2E}.Debug|Any CPU.ActiveCfg = Debug|Any CPU
		{1A2ED84E-BCC2-425A-A2AC-6FBC1713DA2E}.Debug|Any CPU.Build.0 = Debug|Any CPU
		{1A2ED84E-BCC2-425A-A2AC-6FBC1713DA2E}.Debug|Any CPU.Deploy.0 = Debug|Any CPU
		{1A2ED84E-BCC2-425A-A2AC-6FBC1713DA2E}.Debug|ARM.ActiveCfg = Debug|ARM
		{1A2ED84E-BCC2-425A-A2AC-6FBC1713DA2E}.Debug|ARM.Build.0 = Debug|ARM
		{1A2ED84E-BCC2-425A-A2AC-6FBC1713DA2E}.Debug|ARM.Deploy.0 = Debug|ARM
		{1A2ED84E-BCC2-425A-A2AC-6FBC1713DA2E}.Debug|iPhone.ActiveCfg = Debug|Any CPU
		{1A2ED84E-BCC2-425A-A2AC-6FBC1713DA2E}.Debug|iPhone.Build.0 = Debug|Any CPU
		{1A2ED84E-BCC2-425A-A2AC-6FBC1713DA2E}.Debug|iPhone.Deploy.0 = Debug|Any CPU
		{1A2ED84E-BCC2-425A-A2AC-6FBC1713DA2E}.Debug|iPhoneSimulator.ActiveCfg = Debug|Any CPU
		{1A2ED84E-BCC2-425A-A2AC-6FBC1713DA2E}.Debug|iPhoneSimulator.Build.0 = Debug|Any CPU
		{1A2ED84E-BCC2-425A-A2AC-6FBC1713DA2E}.Debug|iPhoneSimulator.Deploy.0 = Debug|Any CPU
		{1A2ED84E-BCC2-425A-A2AC-6FBC1713DA2E}.Debug|x64.ActiveCfg = Debug|Any CPU
		{1A2ED84E-BCC2-425A-A2AC-6FBC1713DA2E}.Debug|x64.Build.0 = Debug|Any CPU
		{1A2ED84E-BCC2-425A-A2AC-6FBC1713DA2E}.Debug|x64.Deploy.0 = Debug|Any CPU
		{1A2ED84E-BCC2-425A-A2AC-6FBC1713DA2E}.Debug|x86.ActiveCfg = Debug|x86
		{1A2ED84E-BCC2-425A-A2AC-6FBC1713DA2E}.Debug|x86.Build.0 = Debug|x86
		{1A2ED84E-BCC2-425A-A2AC-6FBC1713DA2E}.Debug|x86.Deploy.0 = Debug|x86
		{1A2ED84E-BCC2-425A-A2AC-6FBC1713DA2E}.Release|Any CPU.ActiveCfg = Release|Any CPU
		{1A2ED84E-BCC2-425A-A2AC-6FBC1713DA2E}.Release|Any CPU.Build.0 = Release|Any CPU
		{1A2ED84E-BCC2-425A-A2AC-6FBC1713DA2E}.Release|Any CPU.Deploy.0 = Release|Any CPU
		{1A2ED84E-BCC2-425A-A2AC-6FBC1713DA2E}.Release|ARM.ActiveCfg = Release|ARM
		{1A2ED84E-BCC2-425A-A2AC-6FBC1713DA2E}.Release|ARM.Build.0 = Release|ARM
		{1A2ED84E-BCC2-425A-A2AC-6FBC1713DA2E}.Release|ARM.Deploy.0 = Release|ARM
		{1A2ED84E-BCC2-425A-A2AC-6FBC1713DA2E}.Release|iPhone.ActiveCfg = Release|Any CPU
		{1A2ED84E-BCC2-425A-A2AC-6FBC1713DA2E}.Release|iPhone.Build.0 = Release|Any CPU
		{1A2ED84E-BCC2-425A-A2AC-6FBC1713DA2E}.Release|iPhone.Deploy.0 = Release|Any CPU
		{1A2ED84E-BCC2-425A-A2AC-6FBC1713DA2E}.Release|iPhoneSimulator.ActiveCfg = Release|Any CPU
		{1A2ED84E-BCC2-425A-A2AC-6FBC1713DA2E}.Release|iPhoneSimulator.Build.0 = Release|Any CPU
		{1A2ED84E-BCC2-425A-A2AC-6FBC1713DA2E}.Release|iPhoneSimulator.Deploy.0 = Release|Any CPU
		{1A2ED84E-BCC2-425A-A2AC-6FBC1713DA2E}.Release|x64.ActiveCfg = Release|Any CPU
		{1A2ED84E-BCC2-425A-A2AC-6FBC1713DA2E}.Release|x64.Build.0 = Release|Any CPU
		{1A2ED84E-BCC2-425A-A2AC-6FBC1713DA2E}.Release|x64.Deploy.0 = Release|Any CPU
		{1A2ED84E-BCC2-425A-A2AC-6FBC1713DA2E}.Release|x86.ActiveCfg = Release|x86
		{1A2ED84E-BCC2-425A-A2AC-6FBC1713DA2E}.Release|x86.Build.0 = Release|x86
		{1A2ED84E-BCC2-425A-A2AC-6FBC1713DA2E}.Release|x86.Deploy.0 = Release|x86
		{3416B0AE-2661-4BF8-A936-E1405316CCEB}.Ad-Hoc|Any CPU.ActiveCfg = Release|Any CPU
		{3416B0AE-2661-4BF8-A936-E1405316CCEB}.Ad-Hoc|Any CPU.Build.0 = Release|Any CPU
		{3416B0AE-2661-4BF8-A936-E1405316CCEB}.Ad-Hoc|Any CPU.Deploy.0 = Release|Any CPU
		{3416B0AE-2661-4BF8-A936-E1405316CCEB}.Ad-Hoc|ARM.ActiveCfg = Release|ARM
		{3416B0AE-2661-4BF8-A936-E1405316CCEB}.Ad-Hoc|ARM.Build.0 = Release|ARM
		{3416B0AE-2661-4BF8-A936-E1405316CCEB}.Ad-Hoc|ARM.Deploy.0 = Release|ARM
		{3416B0AE-2661-4BF8-A936-E1405316CCEB}.Ad-Hoc|iPhone.ActiveCfg = Release|Any CPU
		{3416B0AE-2661-4BF8-A936-E1405316CCEB}.Ad-Hoc|iPhone.Build.0 = Release|Any CPU
		{3416B0AE-2661-4BF8-A936-E1405316CCEB}.Ad-Hoc|iPhone.Deploy.0 = Release|Any CPU
		{3416B0AE-2661-4BF8-A936-E1405316CCEB}.Ad-Hoc|iPhoneSimulator.ActiveCfg = Release|Any CPU
		{3416B0AE-2661-4BF8-A936-E1405316CCEB}.Ad-Hoc|iPhoneSimulator.Build.0 = Release|Any CPU
		{3416B0AE-2661-4BF8-A936-E1405316CCEB}.Ad-Hoc|iPhoneSimulator.Deploy.0 = Release|Any CPU
		{3416B0AE-2661-4BF8-A936-E1405316CCEB}.Ad-Hoc|x64.ActiveCfg = Release|x64
		{3416B0AE-2661-4BF8-A936-E1405316CCEB}.Ad-Hoc|x64.Build.0 = Release|x64
		{3416B0AE-2661-4BF8-A936-E1405316CCEB}.Ad-Hoc|x64.Deploy.0 = Release|x64
		{3416B0AE-2661-4BF8-A936-E1405316CCEB}.Ad-Hoc|x86.ActiveCfg = Release|x86
		{3416B0AE-2661-4BF8-A936-E1405316CCEB}.Ad-Hoc|x86.Build.0 = Release|x86
		{3416B0AE-2661-4BF8-A936-E1405316CCEB}.Ad-Hoc|x86.Deploy.0 = Release|x86
		{3416B0AE-2661-4BF8-A936-E1405316CCEB}.AppStore|Any CPU.ActiveCfg = Release|Any CPU
		{3416B0AE-2661-4BF8-A936-E1405316CCEB}.AppStore|Any CPU.Build.0 = Release|Any CPU
		{3416B0AE-2661-4BF8-A936-E1405316CCEB}.AppStore|Any CPU.Deploy.0 = Release|Any CPU
		{3416B0AE-2661-4BF8-A936-E1405316CCEB}.AppStore|ARM.ActiveCfg = Release|ARM
		{3416B0AE-2661-4BF8-A936-E1405316CCEB}.AppStore|ARM.Build.0 = Release|ARM
		{3416B0AE-2661-4BF8-A936-E1405316CCEB}.AppStore|ARM.Deploy.0 = Release|ARM
		{3416B0AE-2661-4BF8-A936-E1405316CCEB}.AppStore|iPhone.ActiveCfg = Release|Any CPU
		{3416B0AE-2661-4BF8-A936-E1405316CCEB}.AppStore|iPhone.Build.0 = Release|Any CPU
		{3416B0AE-2661-4BF8-A936-E1405316CCEB}.AppStore|iPhone.Deploy.0 = Release|Any CPU
		{3416B0AE-2661-4BF8-A936-E1405316CCEB}.AppStore|iPhoneSimulator.ActiveCfg = Release|Any CPU
		{3416B0AE-2661-4BF8-A936-E1405316CCEB}.AppStore|iPhoneSimulator.Build.0 = Release|Any CPU
		{3416B0AE-2661-4BF8-A936-E1405316CCEB}.AppStore|iPhoneSimulator.Deploy.0 = Release|Any CPU
		{3416B0AE-2661-4BF8-A936-E1405316CCEB}.AppStore|x64.ActiveCfg = Release|x64
		{3416B0AE-2661-4BF8-A936-E1405316CCEB}.AppStore|x64.Build.0 = Release|x64
		{3416B0AE-2661-4BF8-A936-E1405316CCEB}.AppStore|x64.Deploy.0 = Release|x64
		{3416B0AE-2661-4BF8-A936-E1405316CCEB}.AppStore|x86.ActiveCfg = Release|x86
		{3416B0AE-2661-4BF8-A936-E1405316CCEB}.AppStore|x86.Build.0 = Release|x86
		{3416B0AE-2661-4BF8-A936-E1405316CCEB}.AppStore|x86.Deploy.0 = Release|x86
		{3416B0AE-2661-4BF8-A936-E1405316CCEB}.Debug|Any CPU.ActiveCfg = Debug|Any CPU
		{3416B0AE-2661-4BF8-A936-E1405316CCEB}.Debug|Any CPU.Build.0 = Debug|Any CPU
		{3416B0AE-2661-4BF8-A936-E1405316CCEB}.Debug|Any CPU.Deploy.0 = Debug|Any CPU
		{3416B0AE-2661-4BF8-A936-E1405316CCEB}.Debug|ARM.ActiveCfg = Debug|ARM
		{3416B0AE-2661-4BF8-A936-E1405316CCEB}.Debug|ARM.Build.0 = Debug|ARM
		{3416B0AE-2661-4BF8-A936-E1405316CCEB}.Debug|ARM.Deploy.0 = Debug|ARM
		{3416B0AE-2661-4BF8-A936-E1405316CCEB}.Debug|iPhone.ActiveCfg = Debug|Any CPU
		{3416B0AE-2661-4BF8-A936-E1405316CCEB}.Debug|iPhone.Build.0 = Debug|Any CPU
		{3416B0AE-2661-4BF8-A936-E1405316CCEB}.Debug|iPhone.Deploy.0 = Debug|Any CPU
		{3416B0AE-2661-4BF8-A936-E1405316CCEB}.Debug|iPhoneSimulator.ActiveCfg = Debug|Any CPU
		{3416B0AE-2661-4BF8-A936-E1405316CCEB}.Debug|iPhoneSimulator.Build.0 = Debug|Any CPU
		{3416B0AE-2661-4BF8-A936-E1405316CCEB}.Debug|iPhoneSimulator.Deploy.0 = Debug|Any CPU
		{3416B0AE-2661-4BF8-A936-E1405316CCEB}.Debug|x64.ActiveCfg = Debug|x64
		{3416B0AE-2661-4BF8-A936-E1405316CCEB}.Debug|x64.Build.0 = Debug|x64
		{3416B0AE-2661-4BF8-A936-E1405316CCEB}.Debug|x64.Deploy.0 = Debug|x64
		{3416B0AE-2661-4BF8-A936-E1405316CCEB}.Debug|x86.ActiveCfg = Debug|x86
		{3416B0AE-2661-4BF8-A936-E1405316CCEB}.Debug|x86.Build.0 = Debug|x86
		{3416B0AE-2661-4BF8-A936-E1405316CCEB}.Debug|x86.Deploy.0 = Debug|x86
		{3416B0AE-2661-4BF8-A936-E1405316CCEB}.Release|Any CPU.ActiveCfg = Release|Any CPU
		{3416B0AE-2661-4BF8-A936-E1405316CCEB}.Release|Any CPU.Build.0 = Release|Any CPU
		{3416B0AE-2661-4BF8-A936-E1405316CCEB}.Release|Any CPU.Deploy.0 = Release|Any CPU
		{3416B0AE-2661-4BF8-A936-E1405316CCEB}.Release|ARM.ActiveCfg = Release|ARM
		{3416B0AE-2661-4BF8-A936-E1405316CCEB}.Release|ARM.Build.0 = Release|ARM
		{3416B0AE-2661-4BF8-A936-E1405316CCEB}.Release|ARM.Deploy.0 = Release|ARM
		{3416B0AE-2661-4BF8-A936-E1405316CCEB}.Release|iPhone.ActiveCfg = Release|Any CPU
		{3416B0AE-2661-4BF8-A936-E1405316CCEB}.Release|iPhone.Build.0 = Release|Any CPU
		{3416B0AE-2661-4BF8-A936-E1405316CCEB}.Release|iPhone.Deploy.0 = Release|Any CPU
		{3416B0AE-2661-4BF8-A936-E1405316CCEB}.Release|iPhoneSimulator.ActiveCfg = Release|Any CPU
		{3416B0AE-2661-4BF8-A936-E1405316CCEB}.Release|iPhoneSimulator.Build.0 = Release|Any CPU
		{3416B0AE-2661-4BF8-A936-E1405316CCEB}.Release|iPhoneSimulator.Deploy.0 = Release|Any CPU
		{3416B0AE-2661-4BF8-A936-E1405316CCEB}.Release|x64.ActiveCfg = Release|x64
		{3416B0AE-2661-4BF8-A936-E1405316CCEB}.Release|x64.Build.0 = Release|x64
		{3416B0AE-2661-4BF8-A936-E1405316CCEB}.Release|x64.Deploy.0 = Release|x64
		{3416B0AE-2661-4BF8-A936-E1405316CCEB}.Release|x86.ActiveCfg = Release|x86
		{3416B0AE-2661-4BF8-A936-E1405316CCEB}.Release|x86.Build.0 = Release|x86
		{3416B0AE-2661-4BF8-A936-E1405316CCEB}.Release|x86.Deploy.0 = Release|x86
	EndGlobalSection
	GlobalSection(SolutionProperties) = preSolution
		HideSolutionNode = FALSE
	EndGlobalSection
	GlobalSection(NestedProjects) = preSolution
		{CED273CF-A703-48F3-8BA7-A0902799D890} = {022E7E3E-5DD4-4168-AE96-816A263858A4}
		{EDA7DFDF-D10C-447C-A57C-C8848363AA6A} = {022E7E3E-5DD4-4168-AE96-816A263858A4}
		{2DF8702C-6093-48E6-98FE-83E4DB932D7F} = {022E7E3E-5DD4-4168-AE96-816A263858A4}
		{89C29F03-CAF5-410E-9A08-3CFD56732170} = {022E7E3E-5DD4-4168-AE96-816A263858A4}
		{D6404AA9-8FDE-43B9-AAB9-25B58522B479} = {022E7E3E-5DD4-4168-AE96-816A263858A4}
		{DD2CDFD7-FE45-4EC6-9CD8-DDD138E1C552} = {2483B461-1754-4B3E-B8FE-4E4CF0E51291}
		{3C68FFBF-9B16-4BDD-9441-04FB1B2E02F2} = {2483B461-1754-4B3E-B8FE-4E4CF0E51291}
		{E0A34170-A563-40F6-A024-FA85C7F4FB1B} = {2483B461-1754-4B3E-B8FE-4E4CF0E51291}
		{1A2ED84E-BCC2-425A-A2AC-6FBC1713DA2E} = {2483B461-1754-4B3E-B8FE-4E4CF0E51291}
		{3416B0AE-2661-4BF8-A936-E1405316CCEB} = {2483B461-1754-4B3E-B8FE-4E4CF0E51291}
	EndGlobalSection
EndGlobal
